// !$*UTF8*$!
{
	archiveVersion = 1;
	classes = {
	};
	objectVersion = 46;
	objects = {

/* Begin PBXBuildFile section */
		94D73F531E9B3B080063B68F /* AppDelegate.swift in Sources */ = {isa = PBXBuildFile; fileRef = 94D73F521E9B3B080063B68F /* AppDelegate.swift */; };
		94D73F551E9B3B080063B68F /* ViewController.swift in Sources */ = {isa = PBXBuildFile; fileRef = 94D73F541E9B3B080063B68F /* ViewController.swift */; };
		94D73F581E9B3B080063B68F /* Main.storyboard in Resources */ = {isa = PBXBuildFile; fileRef = 94D73F561E9B3B080063B68F /* Main.storyboard */; };
		94D73F5A1E9B3B080063B68F /* Assets.xcassets in Resources */ = {isa = PBXBuildFile; fileRef = 94D73F591E9B3B080063B68F /* Assets.xcassets */; };
		94D73F5D1E9B3B080063B68F /* LaunchScreen.storyboard in Resources */ = {isa = PBXBuildFile; fileRef = 94D73F5B1E9B3B080063B68F /* LaunchScreen.storyboard */; };
		94D73F681E9B3B080063B68F /* TZYAlertTests.swift in Sources */ = {isa = PBXBuildFile; fileRef = 94D73F671E9B3B080063B68F /* TZYAlertTests.swift */; };
		94D73F731E9B3B080063B68F /* TZYAlertUITests.swift in Sources */ = {isa = PBXBuildFile; fileRef = 94D73F721E9B3B080063B68F /* TZYAlertUITests.swift */; };
/* End PBXBuildFile section */

/* Begin PBXContainerItemProxy section */
		94D73F641E9B3B080063B68F /* PBXContainerItemProxy */ = {
			isa = PBXContainerItemProxy;
			containerPortal = 94D73F471E9B3B080063B68F /* Project object */;
			proxyType = 1;
			remoteGlobalIDString = 94D73F4E1E9B3B080063B68F;
			remoteInfo = TZYAlert;
		};
		94D73F6F1E9B3B080063B68F /* PBXContainerItemProxy */ = {
			isa = PBXContainerItemProxy;
			containerPortal = 94D73F471E9B3B080063B68F /* Project object */;
			proxyType = 1;
			remoteGlobalIDString = 94D73F4E1E9B3B080063B68F;
			remoteInfo = TZYAlert;
		};
/* End PBXContainerItemProxy section */

/* Begin PBXFileReference section */
		94D73F4F1E9B3B080063B68F /* TZYAlert.app */ = {isa = PBXFileReference; explicitFileType = wrapper.application; includeInIndex = 0; path = TZYAlert.app; sourceTree = BUILT_PRODUCTS_DIR; };
		94D73F521E9B3B080063B68F /* AppDelegate.swift */ = {isa = PBXFileReference; lastKnownFileType = sourcecode.swift; path = AppDelegate.swift; sourceTree = "<group>"; };
		94D73F541E9B3B080063B68F /* ViewController.swift */ = {isa = PBXFileReference; lastKnownFileType = sourcecode.swift; path = ViewController.swift; sourceTree = "<group>"; };
		94D73F571E9B3B080063B68F /* Base */ = {isa = PBXFileReference; lastKnownFileType = file.storyboard; name = Base; path = Base.lproj/Main.storyboard; sourceTree = "<group>"; };
		94D73F591E9B3B080063B68F /* Assets.xcassets */ = {isa = PBXFileReference; lastKnownFileType = folder.assetcatalog; path = Assets.xcassets; sourceTree = "<group>"; };
		94D73F5C1E9B3B080063B68F /* Base */ = {isa = PBXFileReference; lastKnownFileType = file.storyboard; name = Base; path = Base.lproj/LaunchScreen.storyboard; sourceTree = "<group>"; };
		94D73F5E1E9B3B080063B68F /* Info.plist */ = {isa = PBXFileReference; lastKnownFileType = text.plist.xml; path = Info.plist; sourceTree = "<group>"; };
		94D73F631E9B3B080063B68F /* TZYAlertTests.xctest */ = {isa = PBXFileReference; explicitFileType = wrapper.cfbundle; includeInIndex = 0; path = TZYAlertTests.xctest; sourceTree = BUILT_PRODUCTS_DIR; };
		94D73F671E9B3B080063B68F /* TZYAlertTests.swift */ = {isa = PBXFileReference; lastKnownFileType = sourcecode.swift; path = TZYAlertTests.swift; sourceTree = "<group>"; };
		94D73F691E9B3B080063B68F /* Info.plist */ = {isa = PBXFileReference; lastKnownFileType = text.plist.xml; path = Info.plist; sourceTree = "<group>"; };
		94D73F6E1E9B3B080063B68F /* TZYAlertUITests.xctest */ = {isa = PBXFileReference; explicitFileType = wrapper.cfbundle; includeInIndex = 0; path = TZYAlertUITests.xctest; sourceTree = BUILT_PRODUCTS_DIR; };
		94D73F721E9B3B080063B68F /* TZYAlertUITests.swift */ = {isa = PBXFileReference; lastKnownFileType = sourcecode.swift; path = TZYAlertUITests.swift; sourceTree = "<group>"; };
		94D73F741E9B3B080063B68F /* Info.plist */ = {isa = PBXFileReference; lastKnownFileType = text.plist.xml; path = Info.plist; sourceTree = "<group>"; };
/* End PBXFileReference section */

/* Begin PBXFrameworksBuildPhase section */
		94D73F4C1E9B3B080063B68F /* Frameworks */ = {
			isa = PBXFrameworksBuildPhase;
			buildActionMask = 2147483647;
			files = (
			);
			runOnlyForDeploymentPostprocessing = 0;
		};
		94D73F601E9B3B080063B68F /* Frameworks */ = {
			isa = PBXFrameworksBuildPhase;
			buildActionMask = 2147483647;
			files = (
			);
			runOnlyForDeploymentPostprocessing = 0;
		};
		94D73F6B1E9B3B080063B68F /* Frameworks */ = {
			isa = PBXFrameworksBuildPhase;
			buildActionMask = 2147483647;
			files = (
			);
			runOnlyForDeploymentPostprocessing = 0;
		};
/* End PBXFrameworksBuildPhase section */

/* Begin PBXGroup section */
		94D73F461E9B3B080063B68F = {
			isa = PBXGroup;
			children = (
				94D73F511E9B3B080063B68F /* TZYAlert */,
				94D73F661E9B3B080063B68F /* TZYAlertTests */,
				94D73F711E9B3B080063B68F /* TZYAlertUITests */,
				94D73F501E9B3B080063B68F /* Products */,
			);
			sourceTree = "<group>";
		};
		94D73F501E9B3B080063B68F /* Products */ = {
			isa = PBXGroup;
			children = (
				94D73F4F1E9B3B080063B68F /* TZYAlert.app */,
				94D73F631E9B3B080063B68F /* TZYAlertTests.xctest */,
				94D73F6E1E9B3B080063B68F /* TZYAlertUITests.xctest */,
			);
			name = Products;
			sourceTree = "<group>";
		};
		94D73F511E9B3B080063B68F /* TZYAlert */ = {
			isa = PBXGroup;
			children = (
				94D73F521E9B3B080063B68F /* AppDelegate.swift */,
				94D73F541E9B3B080063B68F /* ViewController.swift */,
				94D73F561E9B3B080063B68F /* Main.storyboard */,
				94D73F591E9B3B080063B68F /* Assets.xcassets */,
				94D73F5B1E9B3B080063B68F /* LaunchScreen.storyboard */,
				94D73F5E1E9B3B080063B68F /* Info.plist */,
			);
			path = TZYAlert;
			sourceTree = "<group>";
		};
		94D73F661E9B3B080063B68F /* TZYAlertTests */ = {
			isa = PBXGroup;
			children = (
				94D73F671E9B3B080063B68F /* TZYAlertTests.swift */,
				94D73F691E9B3B080063B68F /* Info.plist */,
			);
			path = TZYAlertTests;
			sourceTree = "<group>";
		};
		94D73F711E9B3B080063B68F /* TZYAlertUITests */ = {
			isa = PBXGroup;
			children = (
				94D73F721E9B3B080063B68F /* TZYAlertUITests.swift */,
				94D73F741E9B3B080063B68F /* Info.plist */,
			);
			path = TZYAlertUITests;
			sourceTree = "<group>";
		};
/* End PBXGroup section */

/* Begin PBXNativeTarget section */
		94D73F4E1E9B3B080063B68F /* TZYAlert */ = {
			isa = PBXNativeTarget;
			buildConfigurationList = 94D73F771E9B3B080063B68F /* Build configuration list for PBXNativeTarget "TZYAlert" */;
			buildPhases = (
				94D73F4B1E9B3B080063B68F /* Sources */,
				94D73F4C1E9B3B080063B68F /* Frameworks */,
				94D73F4D1E9B3B080063B68F /* Resources */,
			);
			buildRules = (
			);
			dependencies = (
			);
			name = TZYAlert;
			productName = TZYAlert;
			productReference = 94D73F4F1E9B3B080063B68F /* TZYAlert.app */;
			productType = "com.apple.product-type.application";
		};
		94D73F621E9B3B080063B68F /* TZYAlertTests */ = {
			isa = PBXNativeTarget;
			buildConfigurationList = 94D73F7A1E9B3B080063B68F /* Build configuration list for PBXNativeTarget "TZYAlertTests" */;
			buildPhases = (
				94D73F5F1E9B3B080063B68F /* Sources */,
				94D73F601E9B3B080063B68F /* Frameworks */,
				94D73F611E9B3B080063B68F /* Resources */,
			);
			buildRules = (
			);
			dependencies = (
				94D73F651E9B3B080063B68F /* PBXTargetDependency */,
			);
			name = TZYAlertTests;
			productName = TZYAlertTests;
			productReference = 94D73F631E9B3B080063B68F /* TZYAlertTests.xctest */;
			productType = "com.apple.product-type.bundle.unit-test";
		};
		94D73F6D1E9B3B080063B68F /* TZYAlertUITests */ = {
			isa = PBXNativeTarget;
			buildConfigurationList = 94D73F7D1E9B3B080063B68F /* Build configuration list for PBXNativeTarget "TZYAlertUITests" */;
			buildPhases = (
				94D73F6A1E9B3B080063B68F /* Sources */,
				94D73F6B1E9B3B080063B68F /* Frameworks */,
				94D73F6C1E9B3B080063B68F /* Resources */,
			);
			buildRules = (
			);
			dependencies = (
				94D73F701E9B3B080063B68F /* PBXTargetDependency */,
			);
			name = TZYAlertUITests;
			productName = TZYAlertUITests;
			productReference = 94D73F6E1E9B3B080063B68F /* TZYAlertUITests.xctest */;
			productType = "com.apple.product-type.bundle.ui-testing";
		};
/* End PBXNativeTarget section */

/* Begin PBXProject section */
		94D73F471E9B3B080063B68F /* Project object */ = {
			isa = PBXProject;
			attributes = {
				LastSwiftUpdateCheck = 0730;
				LastUpgradeCheck = 0730;
				ORGANIZATIONNAME = "田子瑶";
				TargetAttributes = {
					94D73F4E1E9B3B080063B68F = {
						CreatedOnToolsVersion = 7.3.1;
					};
					94D73F621E9B3B080063B68F = {
						CreatedOnToolsVersion = 7.3.1;
						TestTargetID = 94D73F4E1E9B3B080063B68F;
					};
					94D73F6D1E9B3B080063B68F = {
						CreatedOnToolsVersion = 7.3.1;
						TestTargetID = 94D73F4E1E9B3B080063B68F;
					};
				};
			};
			buildConfigurationList = 94D73F4A1E9B3B080063B68F /* Build configuration list for PBXProject "TZYAlert" */;
			compatibilityVersion = "Xcode 3.2";
			developmentRegion = English;
			hasScannedForEncodings = 0;
			knownRegions = (
				en,
				Base,
			);
			mainGroup = 94D73F461E9B3B080063B68F;
			productRefGroup = 94D73F501E9B3B080063B68F /* Products */;
			projectDirPath = "";
			projectRoot = "";
			targets = (
				94D73F4E1E9B3B080063B68F /* TZYAlert */,
				94D73F621E9B3B080063B68F /* TZYAlertTests */,
				94D73F6D1E9B3B080063B68F /* TZYAlertUITests */,
			);
		};
/* End PBXProject section */

/* Begin PBXResourcesBuildPhase section */
		94D73F4D1E9B3B080063B68F /* Resources */ = {
			isa = PBXResourcesBuildPhase;
			buildActionMask = 2147483647;
			files = (
				94D73F5D1E9B3B080063B68F /* LaunchScreen.storyboard in Resources */,
				94D73F5A1E9B3B080063B68F /* Assets.xcassets in Resources */,
				94D73F581E9B3B080063B68F /* Main.storyboard in Resources */,
			);
			runOnlyForDeploymentPostprocessing = 0;
		};
		94D73F611E9B3B080063B68F /* Resources */ = {
			isa = PBXResourcesBuildPhase;
			buildActionMask = 2147483647;
			files = (
			);
			runOnlyForDeploymentPostprocessing = 0;
		};
		94D73F6C1E9B3B080063B68F /* Resources */ = {
			isa = PBXResourcesBuildPhase;
			buildActionMask = 2147483647;
			files = (
			);
			runOnlyForDeploymentPostprocessing = 0;
		};
/* End PBXResourcesBuildPhase section */

/* Begin PBXSourcesBuildPhase section */
		94D73F4B1E9B3B080063B68F /* Sources */ = {
			isa = PBXSourcesBuildPhase;
			buildActionMask = 2147483647;
			files = (
				94D73F551E9B3B080063B68F /* ViewController.swift in Sources */,
				94D73F531E9B3B080063B68F /* AppDelegate.swift in Sources */,
			);
			runOnlyForDeploymentPostprocessing = 0;
		};
		94D73F5F1E9B3B080063B68F /* Sources */ = {
			isa = PBXSourcesBuildPhase;
			buildActionMask = 2147483647;
			files = (
				94D73F681E9B3B080063B68F /* TZYAlertTests.swift in Sources */,
			);
			runOnlyForDeploymentPostprocessing = 0;
		};
		94D73F6A1E9B3B080063B68F /* Sources */ = {
			isa = PBXSourcesBuildPhase;
			buildActionMask = 2147483647;
			files = (
				94D73F731E9B3B080063B68F /* TZYAlertUITests.swift in Sources */,
			);
			runOnlyForDeploymentPostprocessing = 0;
		};
/* End PBXSourcesBuildPhase section */

/* Begin PBXTargetDependency section */
		94D73F651E9B3B080063B68F /* PBXTargetDependency */ = {
			isa = PBXTargetDependency;
			target = 94D73F4E1E9B3B080063B68F /* TZYAlert */;
			targetProxy = 94D73F641E9B3B080063B68F /* PBXContainerItemProxy */;
		};
		94D73F701E9B3B080063B68F /* PBXTargetDependency */ = {
			isa = PBXTargetDependency;
			target = 94D73F4E1E9B3B080063B68F /* TZYAlert */;
			targetProxy = 94D73F6F1E9B3B080063B68F /* PBXContainerItemProxy */;
		};
/* End PBXTargetDependency section */

/* Begin PBXVariantGroup section */
		94D73F561E9B3B080063B68F /* Main.storyboard */ = {
			isa = PBXVariantGroup;
			children = (
				94D73F571E9B3B080063B68F /* Base */,
			);
			name = Main.storyboard;
			sourceTree = "<group>";
		};
		94D73F5B1E9B3B080063B68F /* LaunchScreen.storyboard */ = {
			isa = PBXVariantGroup;
			children = (
				94D73F5C1E9B3B080063B68F /* Base */,
			);
			name = LaunchScreen.storyboard;
			sourceTree = "<group>";
		};
/* End PBXVariantGroup section */

/* Begin XCBuildConfiguration section */
		94D73F751E9B3B080063B68F /* Debug */ = {
			isa = XCBuildConfiguration;
			buildSettings = {
				ALWAYS_SEARCH_USER_PATHS = NO;
				CLANG_ANALYZER_NONNULL = YES;
				CLANG_CXX_LANGUAGE_STANDARD = "gnu++0x";
				CLANG_CXX_LIBRARY = "libc++";
				CLANG_ENABLE_MODULES = YES;
				CLANG_ENABLE_OBJC_ARC = YES;
				CLANG_WARN_BOOL_CONVERSION = YES;
				CLANG_WARN_CONSTANT_CONVERSION = YES;
				CLANG_WARN_DIRECT_OBJC_ISA_USAGE = YES_ERROR;
				CLANG_WARN_EMPTY_BODY = YES;
				CLANG_WARN_ENUM_CONVERSION = YES;
				CLANG_WARN_INT_CONVERSION = YES;
				CLANG_WARN_OBJC_ROOT_CLASS = YES_ERROR;
				CLANG_WARN_UNREACHABLE_CODE = YES;
				CLANG_WARN__DUPLICATE_METHOD_MATCH = YES;
				"CODE_SIGN_IDENTITY[sdk=iphoneos*]" = "iPhone Developer";
				COPY_PHASE_STRIP = NO;
				DEBUG_INFORMATION_FORMAT = dwarf;
				ENABLE_STRICT_OBJC_MSGSEND = YES;
				ENABLE_TESTABILITY = YES;
				GCC_C_LANGUAGE_STANDARD = gnu99;
				GCC_DYNAMIC_NO_PIC = NO;
				GCC_NO_COMMON_BLOCKS = YES;
				GCC_OPTIMIZATION_LEVEL = 0;
				GCC_PREPROCESSOR_DEFINITIONS = (
					"DEBUG=1",
					"$(inherited)",
				);
				GCC_WARN_64_TO_32_BIT_CONVERSION = YES;
				GCC_WARN_ABOUT_RETURN_TYPE = YES_ERROR;
				GCC_WARN_UNDECLARED_SELECTOR = YES;
				GCC_WARN_UNINITIALIZED_AUTOS = YES_AGGRESSIVE;
				GCC_WARN_UNUSED_FUNCTION = YES;
				GCC_WARN_UNUSED_VARIABLE = YES;
				IPHONEOS_DEPLOYMENT_TARGET = 9.3;
				MTL_ENABLE_DEBUG_INFO = YES;
				ONLY_ACTIVE_ARCH = YES;
				SDKROOT = iphoneos;
				SWIFT_OPTIMIZATION_LEVEL = "-Onone";
				TARGETED_DEVICE_FAMILY = "1,2";
			};
			name = Debug;
		};
		94D73F761E9B3B080063B68F /* Release */ = {
			isa = XCBuildConfiguration;
			buildSettings = {
				ALWAYS_SEARCH_USER_PATHS = NO;
				CLANG_ANALYZER_NONNULL = YES;
				CLANG_CXX_LANGUAGE_STANDARD = "gnu++0x";
				CLANG_CXX_LIBRARY = "libc++";
				CLANG_ENABLE_MODULES = YES;
				CLANG_ENABLE_OBJC_ARC = YES;
				CLANG_WARN_BOOL_CONVERSION = YES;
				CLANG_WARN_CONSTANT_CONVERSION = YES;
				CLANG_WARN_DIRECT_OBJC_ISA_USAGE = YES_ERROR;
				CLANG_WARN_EMPTY_BODY = YES;
				CLANG_WARN_ENUM_CONVERSION = YES;
				CLANG_WARN_INT_CONVERSION = YES;
				CLANG_WARN_OBJC_ROOT_CLASS = YES_ERROR;
				CLANG_WARN_UNREACHABLE_CODE = YES;
				CLANG_WARN__DUPLICATE_METHOD_MATCH = YES;
				"CODE_SIGN_IDENTITY[sdk=iphoneos*]" = "iPhone Developer";
				COPY_PHASE_STRIP = NO;
				DEBUG_INFORMATION_FORMAT = "dwarf-with-dsym";
				ENABLE_NS_ASSERTIONS = NO;
				ENABLE_STRICT_OBJC_MSGSEND = YES;
				GCC_C_LANGUAGE_STANDARD = gnu99;
				GCC_NO_COMMON_BLOCKS = YES;
				GCC_WARN_64_TO_32_BIT_CONVERSION = YES;
				GCC_WARN_ABOUT_RETURN_TYPE = YES_ERROR;
				GCC_WARN_UNDECLARED_SELECTOR = YES;
				GCC_WARN_UNINITIALIZED_AUTOS = YES_AGGRESSIVE;
				GCC_WARN_UNUSED_FUNCTION = YES;
				GCC_WARN_UNUSED_VARIABLE = YES;
				IPHONEOS_DEPLOYMENT_TARGET = 9.3;
				MTL_ENABLE_DEBUG_INFO = NO;
				SDKROOT = iphoneos;
				TARGETED_DEVICE_FAMILY = "1,2";
				VALIDATE_PRODUCT = YES;
			};
			name = Release;
		};
		94D73F781E9B3B080063B68F /* Debug */ = {
			isa = XCBuildConfiguration;
			buildSettings = {
				ASSETCATALOG_COMPILER_APPICON_NAME = AppIcon;
				INFOPLIST_FILE = TZYAlert/Info.plist;
				LD_RUNPATH_SEARCH_PATHS = "$(inherited) @executable_path/Frameworks";
				PRODUCT_BUNDLE_IDENTIFIER = io.github.tianziyao.TZYAlert;
				PRODUCT_NAME = "$(TARGET_NAME)";
			};
			name = Debug;
		};
		94D73F791E9B3B080063B68F /* Release */ = {
			isa = XCBuildConfiguration;
			buildSettings = {
				ASSETCATALOG_COMPILER_APPICON_NAME = AppIcon;
				INFOPLIST_FILE = TZYAlert/Info.plist;
				LD_RUNPATH_SEARCH_PATHS = "$(inherited) @executable_path/Frameworks";
				PRODUCT_BUNDLE_IDENTIFIER = io.github.tianziyao.TZYAlert;
				PRODUCT_NAME = "$(TARGET_NAME)";
			};
			name = Release;
		};
		94D73F7B1E9B3B080063B68F /* Debug */ = {
			isa = XCBuildConfiguration;
			buildSettings = {
				BUNDLE_LOADER = "$(TEST_HOST)";
				INFOPLIST_FILE = TZYAlertTests/Info.plist;
				LD_RUNPATH_SEARCH_PATHS = "$(inherited) @executable_path/Frameworks @loader_path/Frameworks";
				PRODUCT_BUNDLE_IDENTIFIER = io.github.tianziyao.TZYAlertTests;
				PRODUCT_NAME = "$(TARGET_NAME)";
				TEST_HOST = "$(BUILT_PRODUCTS_DIR)/TZYAlert.app/TZYAlert";
			};
			name = Debug;
		};
		94D73F7C1E9B3B080063B68F /* Release */ = {
			isa = XCBuildConfiguration;
			buildSettings = {
				BUNDLE_LOADER = "$(TEST_HOST)";
				INFOPLIST_FILE = TZYAlertTests/Info.plist;
				LD_RUNPATH_SEARCH_PATHS = "$(inherited) @executable_path/Frameworks @loader_path/Frameworks";
				PRODUCT_BUNDLE_IDENTIFIER = io.github.tianziyao.TZYAlertTests;
				PRODUCT_NAME = "$(TARGET_NAME)";
				TEST_HOST = "$(BUILT_PRODUCTS_DIR)/TZYAlert.app/TZYAlert";
			};
			name = Release;
		};
		94D73F7E1E9B3B080063B68F /* Debug */ = {
			isa = XCBuildConfiguration;
			buildSettings = {
				INFOPLIST_FILE = TZYAlertUITests/Info.plist;
				LD_RUNPATH_SEARCH_PATHS = "$(inherited) @executable_path/Frameworks @loader_path/Frameworks";
				PRODUCT_BUNDLE_IDENTIFIER = io.github.tianziyao.TZYAlertUITests;
				PRODUCT_NAME = "$(TARGET_NAME)";
				TEST_TARGET_NAME = TZYAlert;
			};
			name = Debug;
		};
		94D73F7F1E9B3B080063B68F /* Release */ = {
			isa = XCBuildConfiguration;
			buildSettings = {
				INFOPLIST_FILE = TZYAlertUITests/Info.plist;
				LD_RUNPATH_SEARCH_PATHS = "$(inherited) @executable_path/Frameworks @loader_path/Frameworks";
				PRODUCT_BUNDLE_IDENTIFIER = io.github.tianziyao.TZYAlertUITests;
				PRODUCT_NAME = "$(TARGET_NAME)";
				TEST_TARGET_NAME = TZYAlert;
			};
			name = Release;
		};
/* End XCBuildConfiguration section */

/* Begin XCConfigurationList section */
		94D73F4A1E9B3B080063B68F /* Build configuration list for PBXProject "TZYAlert" */ = {
			isa = XCConfigurationList;
			buildConfigurations = (
				94D73F751E9B3B080063B68F /* Debug */,
				94D73F761E9B3B080063B68F /* Release */,
			);
			defaultConfigurationIsVisible = 0;
			defaultConfigurationName = Release;
		};
		94D73F771E9B3B080063B68F /* Build configuration list for PBXNativeTarget "TZYAlert" */ = {
			isa = XCConfigurationList;
			buildConfigurations = (
				94D73F781E9B3B080063B68F /* Debug */,
				94D73F791E9B3B080063B68F /* Release */,
			);
			defaultConfigurationIsVisible = 0;
		};
		94D73F7A1E9B3B080063B68F /* Build configuration list for PBXNativeTarget "TZYAlertTests" */ = {
			isa = XCConfigurationList;
			buildConfigurations = (
				94D73F7B1E9B3B080063B68F /* Debug */,
				94D73F7C1E9B3B080063B68F /* Release */,
			);
			defaultConfigurationIsVisible = 0;
		};
		94D73F7D1E9B3B080063B68F /* Build configuration list for PBXNativeTarget "TZYAlertUITests" */ = {
			isa = XCConfigurationList;
			buildConfigurations = (
				94D73F7E1E9B3B080063B68F /* Debug */,
				94D73F7F1E9B3B080063B68F /* Release */,
			);
			defaultConfigurationIsVisible = 0;
		};
/* End XCConfigurationList section */
	};
	rootObject = 94D73F471E9B3B080063B68F /* Project object */;
}
